
Microsoft Visual Studio Solution File, Format Version 12.00
# Visual Studio 15
VisualStudioVersion = 15.0.27703.2035
MinimumVisualStudioVersion = 10.0.40219.1
Project("{8BC9CEB8-8B4A-11D0-8D11-00A0C91BC942}") = "T08RT", "T08RT.vcxproj", "{308E7F2B-9EF3-45C6-B6F3-72B7DA342C2D}"
EndProject
Global
	GlobalSection(SolutionConfigurationPlatforms) = preSolution
		Debug|x64 = Debug|x64
		Debug|x86 = Debug|x86
		Release|x64 = Release|x64
		Release|x86 = Release|x86
	EndGlobalSection
	GlobalSection(ProjectConfigurationPlatforms) = postSolution
		{308E7F2B-9EF3-45C6-B6F3-72B7DA342C2D}.Debug|x64.ActiveCfg = Debug|x64
		{308E7F2B-9EF3-45C6-B6F3-72B7DA342C2D}.Debug|x64.Build.0 = Debug|x64
		{308E7F2B-9EF3-45C6-B6F3-72B7DA342C2D}.Debug|x86.ActiveCfg = Debug|Win32
		{308E7F2B-9EF3-45C6-B6F3-72B7DA342C2D}.Debug|x86.Build.0 = Debug|Win32
		{308E7F2B-9EF3-45C6-B6F3-72B7DA342C2D}.Release|x64.ActiveCfg = Release|x64
		{308E7F2B-9EF3-45C6-B6F3-72B7DA342C2D}.Release|x64.Build.0 = Release|x64
		{308E7F2B-9EF3-45C6-B6F3-72B7DA342C2D}.Release|x86.ActiveCfg = Release|Win32
		{308E7F2B-9EF3-45C6-B6F3-72B7DA342C2D}.Release|x86.Build.0 = Release|Win32
	EndGlobalSection
	GlobalSection(SolutionProperties) = preSolution
		HideSolutionNode = FALSE
	EndGlobalSection
	GlobalSection(ExtensibilityGlobals) = postSolution
		SolutionGuid = {403F5917-A2E2-428A-A3AD-CFCFD9A8809E}
	EndGlobalSection
EndGlobal
